
Microsoft Visual Studio Solution File, Format Version 12.00
# Visual Studio Version 16
VisualStudioVersion = 16.0.28729.10
MinimumVisualStudioVersion = 10.0.40219.1
Project("{F184B08F-C81C-45F6-A57F-5ABD9991F28F}") = "Ship Star", "Ship Star\Ship Star.vbproj", "{B267A868-3375-4176-B070-7B9993ECA60D}"
EndProject
Global
	GlobalSection(SolutionConfigurationPlatforms) = preSolution
		Debug|Any CPU = Debug|Any CPU
		Release|Any CPU = Release|Any CPU
	EndGlobalSection
	GlobalSection(ProjectConfigurationPlatforms) = postSolution
		{B267A868-3375-4176-B070-7B9993ECA60D}.Debug|Any CPU.ActiveCfg = Debug|Any CPU
		{B267A868-3375-4176-B070-7B9993ECA60D}.Debug|Any CPU.Build.0 = Debug|Any CPU
		{B267A868-3375-4176-B070-7B9993ECA60D}.Release|Any CPU.ActiveCfg = Release|Any CPU
		{B267A868-3375-4176-B070-7B9993ECA60D}.Release|Any CPU.Build.0 = Release|Any CPU
	EndGlobalSection
	GlobalSection(SolutionProperties) = preSolution
		HideSolutionNode = FALSE
	EndGlobalSection
	GlobalSection(ExtensibilityGlobals) = postSolution
		SolutionGuid = {3A1C8694-86E6-4C0E-A4B1-3E66DD3E6611}
	EndGlobalSection
EndGlobal
